
Microsoft Visual Studio Solution File, Format Version 12.00
# Visual Studio Version 16
VisualStudioVersion = 16.0.28803.452
MinimumVisualStudioVersion = 10.0.40219.1
Project("{FAE04EC0-301F-11D3-BF4B-00C04F79EFBC}") = "WinAutoMessenger", "WinAutoMessenger\WinAutoMessenger.csproj", "{E3C52E3A-AEED-4611-BF38-5D830BDF72F3}"
EndProject
Project("{9A19103F-16F7-4668-BE54-9A1E7A4F7556}") = "LibreHardwareMonitorLib", "..\LibreHardwareMonitor\LibreHardwareMonitorLib\LibreHardwareMonitorLib.csproj", "{02ADBDAF-23AF-425A-8C66-361FC1E85926}"
EndProject
Global
	GlobalSection(SolutionConfigurationPlatforms) = preSolution
		Debug|Any CPU = Debug|Any CPU
		Release|Any CPU = Release|Any CPU
	EndGlobalSection
	GlobalSection(ProjectConfigurationPlatforms) = postSolution
		{E3C52E3A-AEED-4611-BF38-5D830BDF72F3}.Debug|Any CPU.ActiveCfg = Debug|Any CPU
		{E3C52E3A-AEED-4611-BF38-5D830BDF72F3}.Debug|Any CPU.Build.0 = Debug|Any CPU
		{E3C52E3A-AEED-4611-BF38-5D830BDF72F3}.Release|Any CPU.ActiveCfg = Release|Any CPU
		{E3C52E3A-AEED-4611-BF38-5D830BDF72F3}.Release|Any CPU.Build.0 = Release|Any CPU
		{02ADBDAF-23AF-425A-8C66-361FC1E85926}.Debug|Any CPU.ActiveCfg = Debug|Any CPU
		{02ADBDAF-23AF-425A-8C66-361FC1E85926}.Debug|Any CPU.Build.0 = Debug|Any CPU
		{02ADBDAF-23AF-425A-8C66-361FC1E85926}.Release|Any CPU.ActiveCfg = Release|Any CPU
		{02ADBDAF-23AF-425A-8C66-361FC1E85926}.Release|Any CPU.Build.0 = Release|Any CPU
	EndGlobalSection
	GlobalSection(SolutionProperties) = preSolution
		HideSolutionNode = FALSE
	EndGlobalSection
	GlobalSection(ExtensibilityGlobals) = postSolution
		SolutionGuid = {0C58E878-74F3-453C-B70E-32E217AE3BBA}
	EndGlobalSection
EndGlobal
